
Microsoft Visual Studio Solution File, Format Version 12.00
# Visual Studio 15
VisualStudioVersion = 15.0.28307.136
MinimumVisualStudioVersion = 10.0.40219.1
Project("{FAE04EC0-301F-11D3-BF4B-00C04F79EFBC}") = "AppOwnsData", "AppOwnsData\AppOwnsData.csproj", "{A6B15B60-6AE2-447A-9E6D-D8BC514AE82E}"
EndProject
Global
	GlobalSection(SolutionConfigurationPlatforms) = preSolution
		Debug|Any CPU = Debug|Any CPU
		Release|Any CPU = Release|Any CPU
	EndGlobalSection
	GlobalSection(ProjectConfigurationPlatforms) = postSolution
		{A6B15B60-6AE2-447A-9E6D-D8BC514AE82E}.Debug|Any CPU.ActiveCfg = Debug|Any CPU
		{A6B15B60-6AE2-447A-9E6D-D8BC514AE82E}.Debug|Any CPU.Build.0 = Debug|Any CPU
		{A6B15B60-6AE2-447A-9E6D-D8BC514AE82E}.Release|Any CPU.ActiveCfg = Release|Any CPU
		{A6B15B60-6AE2-447A-9E6D-D8BC514AE82E}.Release|Any CPU.Build.0 = Release|Any CPU
	EndGlobalSection
	GlobalSection(SolutionProperties) = preSolution
		HideSolutionNode = FALSE
	EndGlobalSection
	GlobalSection(ExtensibilityGlobals) = postSolution
		SolutionGuid = {74C226A8-8A51-441D-B0DC-995E40B025E2}
	EndGlobalSection
EndGlobal
